
Microsoft Visual Studio Solution File, Format Version 12.00
# Visual Studio Version 17
VisualStudioVersion = 17.4.33205.214
MinimumVisualStudioVersion = 10.0.40219.1
Project("{FAE04EC0-301F-11D3-BF4B-00C04F79EFBC}") = "Notepad", "Notepad\Notepad.csproj", "{0812E495-4B1C-42A3-BDE5-E235A0E870EE}"
EndProject
Global
	GlobalSection(SolutionConfigurationPlatforms) = preSolution
		Debug|Any CPU = Debug|Any CPU
		Release|Any CPU = Release|Any CPU
	EndGlobalSection
	GlobalSection(ProjectConfigurationPlatforms) = postSolution
		{0812E495-4B1C-42A3-BDE5-E235A0E870EE}.Debug|Any CPU.ActiveCfg = Debug|Any CPU
		{0812E495-4B1C-42A3-BDE5-E235A0E870EE}.Debug|Any CPU.Build.0 = Debug|Any CPU
		{0812E495-4B1C-42A3-BDE5-E235A0E870EE}.Release|Any CPU.ActiveCfg = Release|Any CPU
		{0812E495-4B1C-42A3-BDE5-E235A0E870EE}.Release|Any CPU.Build.0 = Release|Any CPU
	EndGlobalSection
	GlobalSection(SolutionProperties) = preSolution
		HideSolutionNode = FALSE
	EndGlobalSection
	GlobalSection(ExtensibilityGlobals) = postSolution
		SolutionGuid = {1F88DF1F-E796-43ED-AFC2-766FDEF16430}
	EndGlobalSection
EndGlobal
