
Microsoft Visual Studio Solution File, Format Version 12.00
# Visual Studio Version 17
VisualStudioVersion = 17.4.33205.214
MinimumVisualStudioVersion = 10.0.40219.1
Project("{9A19103F-16F7-4668-BE54-9A1E7A4F7556}") = "Notepad", "Notepad\Notepad.csproj", "{0812E495-4B1C-42A3-BDE5-E235A0E870EE}"
EndProject
Project("{9A19103F-16F7-4668-BE54-9A1E7A4F7556}") = "OperationSystemAndProgrammingLIB", "OperationSystemAndProgrammingLIB\OperationSystemAndProgrammingLIB.csproj", "{859D280F-1C9D-4DB0-81DB-D52777D77346}"
EndProject
Project("{9A19103F-16F7-4668-BE54-9A1E7A4F7556}") = "FileDiagnosing", "FileDiagnosing\FileDiagnosing.csproj", "{2008B1D9-4A75-4DA5-B25F-7E3E5697D2F1}"
EndProject
Project("{9A19103F-16F7-4668-BE54-9A1E7A4F7556}") = "BatExecutor", "BatExecutor\BatExecutor.csproj", "{9202DBCB-9DD2-46CF-B660-18453BF6A7D5}"
EndProject
Project("{FAE04EC0-301F-11D3-BF4B-00C04F79EFBC}") = "TranslatorLIB", "AssemblerLIB\TranslatorLIB.csproj", "{5D7F033E-4135-4263-8DDC-868778868AFE}"
EndProject
Global
	GlobalSection(SolutionConfigurationPlatforms) = preSolution
		Debug|Any CPU = Debug|Any CPU
		Release|Any CPU = Release|Any CPU
	EndGlobalSection
	GlobalSection(ProjectConfigurationPlatforms) = postSolution
		{0812E495-4B1C-42A3-BDE5-E235A0E870EE}.Debug|Any CPU.ActiveCfg = Debug|Any CPU
		{0812E495-4B1C-42A3-BDE5-E235A0E870EE}.Debug|Any CPU.Build.0 = Debug|Any CPU
		{0812E495-4B1C-42A3-BDE5-E235A0E870EE}.Release|Any CPU.ActiveCfg = Release|Any CPU
		{0812E495-4B1C-42A3-BDE5-E235A0E870EE}.Release|Any CPU.Build.0 = Release|Any CPU
		{859D280F-1C9D-4DB0-81DB-D52777D77346}.Debug|Any CPU.ActiveCfg = Debug|Any CPU
		{859D280F-1C9D-4DB0-81DB-D52777D77346}.Debug|Any CPU.Build.0 = Debug|Any CPU
		{859D280F-1C9D-4DB0-81DB-D52777D77346}.Release|Any CPU.ActiveCfg = Release|Any CPU
		{859D280F-1C9D-4DB0-81DB-D52777D77346}.Release|Any CPU.Build.0 = Release|Any CPU
		{2008B1D9-4A75-4DA5-B25F-7E3E5697D2F1}.Debug|Any CPU.ActiveCfg = Debug|Any CPU
		{2008B1D9-4A75-4DA5-B25F-7E3E5697D2F1}.Debug|Any CPU.Build.0 = Debug|Any CPU
		{2008B1D9-4A75-4DA5-B25F-7E3E5697D2F1}.Release|Any CPU.ActiveCfg = Release|Any CPU
		{2008B1D9-4A75-4DA5-B25F-7E3E5697D2F1}.Release|Any CPU.Build.0 = Release|Any CPU
		{9202DBCB-9DD2-46CF-B660-18453BF6A7D5}.Debug|Any CPU.ActiveCfg = Debug|Any CPU
		{9202DBCB-9DD2-46CF-B660-18453BF6A7D5}.Debug|Any CPU.Build.0 = Debug|Any CPU
		{9202DBCB-9DD2-46CF-B660-18453BF6A7D5}.Release|Any CPU.ActiveCfg = Release|Any CPU
		{9202DBCB-9DD2-46CF-B660-18453BF6A7D5}.Release|Any CPU.Build.0 = Release|Any CPU
		{5D7F033E-4135-4263-8DDC-868778868AFE}.Debug|Any CPU.ActiveCfg = Debug|Any CPU
		{5D7F033E-4135-4263-8DDC-868778868AFE}.Debug|Any CPU.Build.0 = Debug|Any CPU
		{5D7F033E-4135-4263-8DDC-868778868AFE}.Release|Any CPU.ActiveCfg = Release|Any CPU
		{5D7F033E-4135-4263-8DDC-868778868AFE}.Release|Any CPU.Build.0 = Release|Any CPU
	EndGlobalSection
	GlobalSection(SolutionProperties) = preSolution
		HideSolutionNode = FALSE
	EndGlobalSection
	GlobalSection(ExtensibilityGlobals) = postSolution
		SolutionGuid = {1F88DF1F-E796-43ED-AFC2-766FDEF16430}
	EndGlobalSection
EndGlobal
